// !$*UTF8*$!
{
	archiveVersion = 1;
	classes = {
	};
	objectVersion = 77;
	objects = {

/* Begin PBXBuildFile section */
		F11CDCB42CB7B5E2005D7979 /* Auth in Frameworks */ = {isa = PBXBuildFile; productRef = F11CDCB32CB7B5E2005D7979 /* Auth */; };
		F11CDCB62CB7B5E2005D7979 /* Functions in Frameworks */ = {isa = PBXBuildFile; productRef = F11CDCB52CB7B5E2005D7979 /* Functions */; };
		F11CDCB82CB7B5E2005D7979 /* PostgREST in Frameworks */ = {isa = PBXBuildFile; productRef = F11CDCB72CB7B5E2005D7979 /* PostgREST */; };
		F11CDCBA2CB7B5E2005D7979 /* Storage in Frameworks */ = {isa = PBXBuildFile; productRef = F11CDCB92CB7B5E2005D7979 /* Storage */; };
		F11CDCBC2CB7B5E2005D7979 /* Supabase in Frameworks */ = {isa = PBXBuildFile; productRef = F11CDCBB2CB7B5E2005D7979 /* Supabase */; };
		F11CDCC22CB7B693005D7979 /* GoogleSignIn in Frameworks */ = {isa = PBXBuildFile; productRef = F11CDCC12CB7B693005D7979 /* GoogleSignIn */; };
		F11CDCC42CB7B693005D7979 /* GoogleSignInSwift in Frameworks */ = {isa = PBXBuildFile; productRef = F11CDCC32CB7B693005D7979 /* GoogleSignInSwift */; };
/* End PBXBuildFile section */

/* Begin PBXContainerItemProxy section */
		F11CDC7E2CB6D8D6005D7979 /* PBXContainerItemProxy */ = {
			isa = PBXContainerItemProxy;
			containerPortal = F11CDC652CB6D8D4005D7979 /* Project object */;
			proxyType = 1;
			remoteGlobalIDString = F11CDC6C2CB6D8D4005D7979;
			remoteInfo = recipe;
		};
		F11CDC882CB6D8D6005D7979 /* PBXContainerItemProxy */ = {
			isa = PBXContainerItemProxy;
			containerPortal = F11CDC652CB6D8D4005D7979 /* Project object */;
			proxyType = 1;
			remoteGlobalIDString = F11CDC6C2CB6D8D4005D7979;
			remoteInfo = recipe;
		};
/* End PBXContainerItemProxy section */

/* Begin PBXFileReference section */
		F11CDC6D2CB6D8D4005D7979 /* recipe.app */ = {isa = PBXFileReference; explicitFileType = wrapper.application; includeInIndex = 0; path = recipe.app; sourceTree = BUILT_PRODUCTS_DIR; };
		F11CDC7D2CB6D8D6005D7979 /* recipeTests.xctest */ = {isa = PBXFileReference; explicitFileType = wrapper.cfbundle; includeInIndex = 0; path = recipeTests.xctest; sourceTree = BUILT_PRODUCTS_DIR; };
		F11CDC872CB6D8D6005D7979 /* recipeUITests.xctest */ = {isa = PBXFileReference; explicitFileType = wrapper.cfbundle; includeInIndex = 0; path = recipeUITests.xctest; sourceTree = BUILT_PRODUCTS_DIR; };
/* End PBXFileReference section */

/* Begin PBXFileSystemSynchronizedBuildFileExceptionSet section */
		F11CDCDF2CB7E1E3005D7979 /* Exceptions for "recipe" folder in "recipe" target */ = {
			isa = PBXFileSystemSynchronizedBuildFileExceptionSet;
			membershipExceptions = (
				Info.plist,
			);
			target = F11CDC6C2CB6D8D4005D7979 /* recipe */;
		};
/* End PBXFileSystemSynchronizedBuildFileExceptionSet section */

/* Begin PBXFileSystemSynchronizedRootGroup section */
		F11CDC6F2CB6D8D4005D7979 /* recipe */ = {
			isa = PBXFileSystemSynchronizedRootGroup;
			exceptions = (
				F11CDCDF2CB7E1E3005D7979 /* Exceptions for "recipe" folder in "recipe" target */,
			);
			path = recipe;
			sourceTree = "<group>";
		};
		F11CDC802CB6D8D6005D7979 /* recipeTests */ = {
			isa = PBXFileSystemSynchronizedRootGroup;
			path = recipeTests;
			sourceTree = "<group>";
		};
		F11CDC8A2CB6D8D6005D7979 /* recipeUITests */ = {
			isa = PBXFileSystemSynchronizedRootGroup;
			path = recipeUITests;
			sourceTree = "<group>";
		};
/* End PBXFileSystemSynchronizedRootGroup section */

/* Begin PBXFrameworksBuildPhase section */
		F11CDC6A2CB6D8D4005D7979 /* Frameworks */ = {
			isa = PBXFrameworksBuildPhase;
			buildActionMask = 2147483647;
			files = (
				F11CDCBC2CB7B5E2005D7979 /* Supabase in Frameworks */,
				F11CDCBA2CB7B5E2005D7979 /* Storage in Frameworks */,
				F11CDCC42CB7B693005D7979 /* GoogleSignInSwift in Frameworks */,
				F11CDCB82CB7B5E2005D7979 /* PostgREST in Frameworks */,
				F11CDCB62CB7B5E2005D7979 /* Functions in Frameworks */,
				F11CDCB42CB7B5E2005D7979 /* Auth in Frameworks */,
				F11CDCC22CB7B693005D7979 /* GoogleSignIn in Frameworks */,
			);
			runOnlyForDeploymentPostprocessing = 0;
		};
		F11CDC7A2CB6D8D6005D7979 /* Frameworks */ = {
			isa = PBXFrameworksBuildPhase;
			buildActionMask = 2147483647;
			files = (
			);
			runOnlyForDeploymentPostprocessing = 0;
		};
		F11CDC842CB6D8D6005D7979 /* Frameworks */ = {
			isa = PBXFrameworksBuildPhase;
			buildActionMask = 2147483647;
			files = (
			);
			runOnlyForDeploymentPostprocessing = 0;
		};
/* End PBXFrameworksBuildPhase section */

/* Begin PBXGroup section */
		F11CDC642CB6D8D4005D7979 = {
			isa = PBXGroup;
			children = (
				F11CDC6F2CB6D8D4005D7979 /* recipe */,
				F11CDC802CB6D8D6005D7979 /* recipeTests */,
				F11CDC8A2CB6D8D6005D7979 /* recipeUITests */,
				F11CDC6E2CB6D8D4005D7979 /* Products */,
			);
			sourceTree = "<group>";
		};
		F11CDC6E2CB6D8D4005D7979 /* Products */ = {
			isa = PBXGroup;
			children = (
				F11CDC6D2CB6D8D4005D7979 /* recipe.app */,
				F11CDC7D2CB6D8D6005D7979 /* recipeTests.xctest */,
				F11CDC872CB6D8D6005D7979 /* recipeUITests.xctest */,
			);
			name = Products;
			sourceTree = "<group>";
		};
/* End PBXGroup section */

/* Begin PBXNativeTarget section */
		F11CDC6C2CB6D8D4005D7979 /* recipe */ = {
			isa = PBXNativeTarget;
			buildConfigurationList = F11CDC912CB6D8D6005D7979 /* Build configuration list for PBXNativeTarget "recipe" */;
			buildPhases = (
				F11CDC692CB6D8D4005D7979 /* Sources */,
				F11CDC6A2CB6D8D4005D7979 /* Frameworks */,
				F11CDC6B2CB6D8D4005D7979 /* Resources */,
			);
			buildRules = (
			);
			dependencies = (
			);
			fileSystemSynchronizedGroups = (
				F11CDC6F2CB6D8D4005D7979 /* recipe */,
			);
			name = recipe;
			packageProductDependencies = (
				F11CDCB32CB7B5E2005D7979 /* Auth */,
				F11CDCB52CB7B5E2005D7979 /* Functions */,
				F11CDCB72CB7B5E2005D7979 /* PostgREST */,
				F11CDCB92CB7B5E2005D7979 /* Storage */,
				F11CDCBB2CB7B5E2005D7979 /* Supabase */,
				F11CDCC12CB7B693005D7979 /* GoogleSignIn */,
				F11CDCC32CB7B693005D7979 /* GoogleSignInSwift */,
			);
			productName = recipe;
			productReference = F11CDC6D2CB6D8D4005D7979 /* recipe.app */;
			productType = "com.apple.product-type.application";
		};
		F11CDC7C2CB6D8D6005D7979 /* recipeTests */ = {
			isa = PBXNativeTarget;
			buildConfigurationList = F11CDC942CB6D8D6005D7979 /* Build configuration list for PBXNativeTarget "recipeTests" */;
			buildPhases = (
				F11CDC792CB6D8D6005D7979 /* Sources */,
				F11CDC7A2CB6D8D6005D7979 /* Frameworks */,
				F11CDC7B2CB6D8D6005D7979 /* Resources */,
			);
			buildRules = (
			);
			dependencies = (
				F11CDC7F2CB6D8D6005D7979 /* PBXTargetDependency */,
			);
			fileSystemSynchronizedGroups = (
				F11CDC802CB6D8D6005D7979 /* recipeTests */,
			);
			name = recipeTests;
			packageProductDependencies = (
			);
			productName = recipeTests;
			productReference = F11CDC7D2CB6D8D6005D7979 /* recipeTests.xctest */;
			productType = "com.apple.product-type.bundle.unit-test";
		};
		F11CDC862CB6D8D6005D7979 /* recipeUITests */ = {
			isa = PBXNativeTarget;
			buildConfigurationList = F11CDC972CB6D8D6005D7979 /* Build configuration list for PBXNativeTarget "recipeUITests" */;
			buildPhases = (
				F11CDC832CB6D8D6005D7979 /* Sources */,
				F11CDC842CB6D8D6005D7979 /* Frameworks */,
				F11CDC852CB6D8D6005D7979 /* Resources */,
			);
			buildRules = (
			);
			dependencies = (
				F11CDC892CB6D8D6005D7979 /* PBXTargetDependency */,
			);
			fileSystemSynchronizedGroups = (
				F11CDC8A2CB6D8D6005D7979 /* recipeUITests */,
			);
			name = recipeUITests;
			packageProductDependencies = (
			);
			productName = recipeUITests;
			productReference = F11CDC872CB6D8D6005D7979 /* recipeUITests.xctest */;
			productType = "com.apple.product-type.bundle.ui-testing";
		};
/* End PBXNativeTarget section */

/* Begin PBXProject section */
		F11CDC652CB6D8D4005D7979 /* Project object */ = {
			isa = PBXProject;
			attributes = {
				BuildIndependentTargetsInParallel = 1;
				LastSwiftUpdateCheck = 1600;
				LastUpgradeCheck = 1600;
				TargetAttributes = {
					F11CDC6C2CB6D8D4005D7979 = {
						CreatedOnToolsVersion = 16.0;
					};
					F11CDC7C2CB6D8D6005D7979 = {
						CreatedOnToolsVersion = 16.0;
						TestTargetID = F11CDC6C2CB6D8D4005D7979;
					};
					F11CDC862CB6D8D6005D7979 = {
						CreatedOnToolsVersion = 16.0;
						TestTargetID = F11CDC6C2CB6D8D4005D7979;
					};
				};
			};
			buildConfigurationList = F11CDC682CB6D8D4005D7979 /* Build configuration list for PBXProject "recipe" */;
			developmentRegion = en;
			hasScannedForEncodings = 0;
			knownRegions = (
				en,
				Base,
			);
			mainGroup = F11CDC642CB6D8D4005D7979;
			minimizedProjectReferenceProxies = 1;
			packageReferences = (
				F11CDCB22CB7B5E2005D7979 /* XCRemoteSwiftPackageReference "supabase-swift" */,
				F11CDCC02CB7B693005D7979 /* XCRemoteSwiftPackageReference "GoogleSignIn-iOS" */,
			);
			preferredProjectObjectVersion = 77;
			productRefGroup = F11CDC6E2CB6D8D4005D7979 /* Products */;
			projectDirPath = "";
			projectRoot = "";
			targets = (
				F11CDC6C2CB6D8D4005D7979 /* recipe */,
				F11CDC7C2CB6D8D6005D7979 /* recipeTests */,
				F11CDC862CB6D8D6005D7979 /* recipeUITests */,
			);
		};
/* End PBXProject section */

/* Begin PBXResourcesBuildPhase section */
		F11CDC6B2CB6D8D4005D7979 /* Resources */ = {
			isa = PBXResourcesBuildPhase;
			buildActionMask = 2147483647;
			files = (
			);
			runOnlyForDeploymentPostprocessing = 0;
		};
		F11CDC7B2CB6D8D6005D7979 /* Resources */ = {
			isa = PBXResourcesBuildPhase;
			buildActionMask = 2147483647;
			files = (
			);
			runOnlyForDeploymentPostprocessing = 0;
		};
		F11CDC852CB6D8D6005D7979 /* Resources */ = {
			isa = PBXResourcesBuildPhase;
			buildActionMask = 2147483647;
			files = (
			);
			runOnlyForDeploymentPostprocessing = 0;
		};
/* End PBXResourcesBuildPhase section */

/* Begin PBXSourcesBuildPhase section */
		F11CDC692CB6D8D4005D7979 /* Sources */ = {
			isa = PBXSourcesBuildPhase;
			buildActionMask = 2147483647;
			files = (
			);
			runOnlyForDeploymentPostprocessing = 0;
		};
		F11CDC792CB6D8D6005D7979 /* Sources */ = {
			isa = PBXSourcesBuildPhase;
			buildActionMask = 2147483647;
			files = (
			);
			runOnlyForDeploymentPostprocessing = 0;
		};
		F11CDC832CB6D8D6005D7979 /* Sources */ = {
			isa = PBXSourcesBuildPhase;
			buildActionMask = 2147483647;
			files = (
			);
			runOnlyForDeploymentPostprocessing = 0;
		};
/* End PBXSourcesBuildPhase section */

/* Begin PBXTargetDependency section */
		F11CDC7F2CB6D8D6005D7979 /* PBXTargetDependency */ = {
			isa = PBXTargetDependency;
			target = F11CDC6C2CB6D8D4005D7979 /* recipe */;
			targetProxy = F11CDC7E2CB6D8D6005D7979 /* PBXContainerItemProxy */;
		};
		F11CDC892CB6D8D6005D7979 /* PBXTargetDependency */ = {
			isa = PBXTargetDependency;
			target = F11CDC6C2CB6D8D4005D7979 /* recipe */;
			targetProxy = F11CDC882CB6D8D6005D7979 /* PBXContainerItemProxy */;
		};
/* End PBXTargetDependency section */

/* Begin XCBuildConfiguration section */
		F11CDC8F2CB6D8D6005D7979 /* Debug */ = {
			isa = XCBuildConfiguration;
			buildSettings = {
				ALWAYS_SEARCH_USER_PATHS = NO;
				ASSETCATALOG_COMPILER_GENERATE_SWIFT_ASSET_SYMBOL_EXTENSIONS = YES;
				CLANG_ANALYZER_NONNULL = YES;
				CLANG_ANALYZER_NUMBER_OBJECT_CONVERSION = YES_AGGRESSIVE;
				CLANG_CXX_LANGUAGE_STANDARD = "gnu++20";
				CLANG_ENABLE_MODULES = YES;
				CLANG_ENABLE_OBJC_ARC = YES;
				CLANG_ENABLE_OBJC_WEAK = YES;
				CLANG_WARN_BLOCK_CAPTURE_AUTORELEASING = YES;
				CLANG_WARN_BOOL_CONVERSION = YES;
				CLANG_WARN_COMMA = YES;
				CLANG_WARN_CONSTANT_CONVERSION = YES;
				CLANG_WARN_DEPRECATED_OBJC_IMPLEMENTATIONS = YES;
				CLANG_WARN_DIRECT_OBJC_ISA_USAGE = YES_ERROR;
				CLANG_WARN_DOCUMENTATION_COMMENTS = YES;
				CLANG_WARN_EMPTY_BODY = YES;
				CLANG_WARN_ENUM_CONVERSION = YES;
				CLANG_WARN_INFINITE_RECURSION = YES;
				CLANG_WARN_INT_CONVERSION = YES;
				CLANG_WARN_NON_LITERAL_NULL_CONVERSION = YES;
				CLANG_WARN_OBJC_IMPLICIT_RETAIN_SELF = YES;
				CLANG_WARN_OBJC_LITERAL_CONVERSION = YES;
				CLANG_WARN_OBJC_ROOT_CLASS = YES_ERROR;
				CLANG_WARN_QUOTED_INCLUDE_IN_FRAMEWORK_HEADER = YES;
				CLANG_WARN_RANGE_LOOP_ANALYSIS = YES;
				CLANG_WARN_STRICT_PROTOTYPES = YES;
				CLANG_WARN_SUSPICIOUS_MOVE = YES;
				CLANG_WARN_UNGUARDED_AVAILABILITY = YES_AGGRESSIVE;
				CLANG_WARN_UNREACHABLE_CODE = YES;
				CLANG_WARN__DUPLICATE_METHOD_MATCH = YES;
				COPY_PHASE_STRIP = NO;
				DEBUG_INFORMATION_FORMAT = dwarf;
				ENABLE_STRICT_OBJC_MSGSEND = YES;
				ENABLE_TESTABILITY = YES;
				ENABLE_USER_SCRIPT_SANDBOXING = YES;
				GCC_C_LANGUAGE_STANDARD = gnu17;
				GCC_DYNAMIC_NO_PIC = NO;
				GCC_NO_COMMON_BLOCKS = YES;
				GCC_OPTIMIZATION_LEVEL = 0;
				GCC_PREPROCESSOR_DEFINITIONS = (
					"DEBUG=1",
					"$(inherited)",
				);
				GCC_WARN_64_TO_32_BIT_CONVERSION = YES;
				GCC_WARN_ABOUT_RETURN_TYPE = YES_ERROR;
				GCC_WARN_UNDECLARED_SELECTOR = YES;
				GCC_WARN_UNINITIALIZED_AUTOS = YES_AGGRESSIVE;
				GCC_WARN_UNUSED_FUNCTION = YES;
				GCC_WARN_UNUSED_VARIABLE = YES;
				IPHONEOS_DEPLOYMENT_TARGET = 18.0;
				LOCALIZATION_PREFERS_STRING_CATALOGS = YES;
				MTL_ENABLE_DEBUG_INFO = INCLUDE_SOURCE;
				MTL_FAST_MATH = YES;
				ONLY_ACTIVE_ARCH = YES;
				SDKROOT = iphoneos;
				SWIFT_ACTIVE_COMPILATION_CONDITIONS = "DEBUG $(inherited)";
				SWIFT_OPTIMIZATION_LEVEL = "-Onone";
			};
			name = Debug;
		};
		F11CDC902CB6D8D6005D7979 /* Release */ = {
			isa = XCBuildConfiguration;
			buildSettings = {
				ALWAYS_SEARCH_USER_PATHS = NO;
				ASSETCATALOG_COMPILER_GENERATE_SWIFT_ASSET_SYMBOL_EXTENSIONS = YES;
				CLANG_ANALYZER_NONNULL = YES;
				CLANG_ANALYZER_NUMBER_OBJECT_CONVERSION = YES_AGGRESSIVE;
				CLANG_CXX_LANGUAGE_STANDARD = "gnu++20";
				CLANG_ENABLE_MODULES = YES;
				CLANG_ENABLE_OBJC_ARC = YES;
				CLANG_ENABLE_OBJC_WEAK = YES;
				CLANG_WARN_BLOCK_CAPTURE_AUTORELEASING = YES;
				CLANG_WARN_BOOL_CONVERSION = YES;
				CLANG_WARN_COMMA = YES;
				CLANG_WARN_CONSTANT_CONVERSION = YES;
				CLANG_WARN_DEPRECATED_OBJC_IMPLEMENTATIONS = YES;
				CLANG_WARN_DIRECT_OBJC_ISA_USAGE = YES_ERROR;
				CLANG_WARN_DOCUMENTATION_COMMENTS = YES;
				CLANG_WARN_EMPTY_BODY = YES;
				CLANG_WARN_ENUM_CONVERSION = YES;
				CLANG_WARN_INFINITE_RECURSION = YES;
				CLANG_WARN_INT_CONVERSION = YES;
				CLANG_WARN_NON_LITERAL_NULL_CONVERSION = YES;
				CLANG_WARN_OBJC_IMPLICIT_RETAIN_SELF = YES;
				CLANG_WARN_OBJC_LITERAL_CONVERSION = YES;
				CLANG_WARN_OBJC_ROOT_CLASS = YES_ERROR;
				CLANG_WARN_QUOTED_INCLUDE_IN_FRAMEWORK_HEADER = YES;
				CLANG_WARN_RANGE_LOOP_ANALYSIS = YES;
				CLANG_WARN_STRICT_PROTOTYPES = YES;
				CLANG_WARN_SUSPICIOUS_MOVE = YES;
				CLANG_WARN_UNGUARDED_AVAILABILITY = YES_AGGRESSIVE;
				CLANG_WARN_UNREACHABLE_CODE = YES;
				CLANG_WARN__DUPLICATE_METHOD_MATCH = YES;
				COPY_PHASE_STRIP = NO;
				DEBUG_INFORMATION_FORMAT = "dwarf-with-dsym";
				ENABLE_NS_ASSERTIONS = NO;
				ENABLE_STRICT_OBJC_MSGSEND = YES;
				ENABLE_USER_SCRIPT_SANDBOXING = YES;
				GCC_C_LANGUAGE_STANDARD = gnu17;
				GCC_NO_COMMON_BLOCKS = YES;
				GCC_WARN_64_TO_32_BIT_CONVERSION = YES;
				GCC_WARN_ABOUT_RETURN_TYPE = YES_ERROR;
				GCC_WARN_UNDECLARED_SELECTOR = YES;
				GCC_WARN_UNINITIALIZED_AUTOS = YES_AGGRESSIVE;
				GCC_WARN_UNUSED_FUNCTION = YES;
				GCC_WARN_UNUSED_VARIABLE = YES;
				IPHONEOS_DEPLOYMENT_TARGET = 18.0;
				LOCALIZATION_PREFERS_STRING_CATALOGS = YES;
				MTL_ENABLE_DEBUG_INFO = NO;
				MTL_FAST_MATH = YES;
				SDKROOT = iphoneos;
				SWIFT_COMPILATION_MODE = wholemodule;
				VALIDATE_PRODUCT = YES;
			};
			name = Release;
		};
		F11CDC922CB6D8D6005D7979 /* Debug */ = {
			isa = XCBuildConfiguration;
			buildSettings = {
				ASSETCATALOG_COMPILER_APPICON_NAME = AppIcon;
				ASSETCATALOG_COMPILER_GLOBAL_ACCENT_COLOR_NAME = AccentColor;
				CODE_SIGN_STYLE = Automatic;
				CURRENT_PROJECT_VERSION = 1;
				DEVELOPMENT_ASSET_PATHS = "\"recipe/Preview Content\"";
				DEVELOPMENT_TEAM = 5PB6R8YN64;
				ENABLE_PREVIEWS = YES;
				GENERATE_INFOPLIST_FILE = YES;
				INFOPLIST_FILE = recipe/Info.plist;
				INFOPLIST_KEY_UIApplicationSceneManifest_Generation = YES;
				INFOPLIST_KEY_UIApplicationSupportsIndirectInputEvents = YES;
				INFOPLIST_KEY_UILaunchScreen_Generation = YES;
				INFOPLIST_KEY_UISupportedInterfaceOrientations_iPad = "UIInterfaceOrientationPortrait UIInterfaceOrientationPortraitUpsideDown UIInterfaceOrientationLandscapeLeft UIInterfaceOrientationLandscapeRight";
				INFOPLIST_KEY_UISupportedInterfaceOrientations_iPhone = "UIInterfaceOrientationPortrait UIInterfaceOrientationLandscapeLeft UIInterfaceOrientationLandscapeRight";
				LD_RUNPATH_SEARCH_PATHS = (
					"$(inherited)",
					"@executable_path/Frameworks",
				);
				MARKETING_VERSION = 0.0.1;
				PRODUCT_BUNDLE_IDENTIFIER = wyatt.recipe;
				PRODUCT_NAME = "$(TARGET_NAME)";
				SWIFT_EMIT_LOC_STRINGS = YES;
				SWIFT_VERSION = 5.0;
				TARGETED_DEVICE_FAMILY = "1,2";
			};
			name = Debug;
		};
		F11CDC932CB6D8D6005D7979 /* Release */ = {
			isa = XCBuildConfiguration;
			buildSettings = {
				ASSETCATALOG_COMPILER_APPICON_NAME = AppIcon;
				ASSETCATALOG_COMPILER_GLOBAL_ACCENT_COLOR_NAME = AccentColor;
				CODE_SIGN_STYLE = Automatic;
				CURRENT_PROJECT_VERSION = 1;
				DEVELOPMENT_ASSET_PATHS = "\"recipe/Preview Content\"";
				DEVELOPMENT_TEAM = 5PB6R8YN64;
				ENABLE_PREVIEWS = YES;
				GENERATE_INFOPLIST_FILE = YES;
				INFOPLIST_FILE = recipe/Info.plist;
				INFOPLIST_KEY_UIApplicationSceneManifest_Generation = YES;
				INFOPLIST_KEY_UIApplicationSupportsIndirectInputEvents = YES;
				INFOPLIST_KEY_UILaunchScreen_Generation = YES;
				INFOPLIST_KEY_UISupportedInterfaceOrientations_iPad = "UIInterfaceOrientationPortrait UIInterfaceOrientationPortraitUpsideDown UIInterfaceOrientationLandscapeLeft UIInterfaceOrientationLandscapeRight";
				INFOPLIST_KEY_UISupportedInterfaceOrientations_iPhone = "UIInterfaceOrientationPortrait UIInterfaceOrientationLandscapeLeft UIInterfaceOrientationLandscapeRight";
				LD_RUNPATH_SEARCH_PATHS = (
					"$(inherited)",
					"@executable_path/Frameworks",
				);
				MARKETING_VERSION = 0.0.1;
				PRODUCT_BUNDLE_IDENTIFIER = wyatt.recipe;
				PRODUCT_NAME = "$(TARGET_NAME)";
				SWIFT_EMIT_LOC_STRINGS = YES;
				SWIFT_VERSION = 5.0;
				TARGETED_DEVICE_FAMILY = "1,2";
			};
			name = Release;
		};
		F11CDC952CB6D8D6005D7979 /* Debug */ = {
			isa = XCBuildConfiguration;
			buildSettings = {
				BUNDLE_LOADER = "$(TEST_HOST)";
				CODE_SIGN_STYLE = Automatic;
				CURRENT_PROJECT_VERSION = 1;
				GENERATE_INFOPLIST_FILE = YES;
				IPHONEOS_DEPLOYMENT_TARGET = 18.0;
				MARKETING_VERSION = 1.0;
				PRODUCT_BUNDLE_IDENTIFIER = wyatt.recipeTests;
				PRODUCT_NAME = "$(TARGET_NAME)";
				SWIFT_EMIT_LOC_STRINGS = NO;
				SWIFT_VERSION = 5.0;
				TARGETED_DEVICE_FAMILY = "1,2";
				TEST_HOST = "$(BUILT_PRODUCTS_DIR)/recipe.app/$(BUNDLE_EXECUTABLE_FOLDER_PATH)/recipe";
			};
			name = Debug;
		};
		F11CDC962CB6D8D6005D7979 /* Release */ = {
			isa = XCBuildConfiguration;
			buildSettings = {
				BUNDLE_LOADER = "$(TEST_HOST)";
				CODE_SIGN_STYLE = Automatic;
				CURRENT_PROJECT_VERSION = 1;
				GENERATE_INFOPLIST_FILE = YES;
				IPHONEOS_DEPLOYMENT_TARGET = 18.0;
				MARKETING_VERSION = 1.0;
				PRODUCT_BUNDLE_IDENTIFIER = wyatt.recipeTests;
				PRODUCT_NAME = "$(TARGET_NAME)";
				SWIFT_EMIT_LOC_STRINGS = NO;
				SWIFT_VERSION = 5.0;
				TARGETED_DEVICE_FAMILY = "1,2";
				TEST_HOST = "$(BUILT_PRODUCTS_DIR)/recipe.app/$(BUNDLE_EXECUTABLE_FOLDER_PATH)/recipe";
			};
			name = Release;
		};
		F11CDC982CB6D8D6005D7979 /* Debug */ = {
			isa = XCBuildConfiguration;
			buildSettings = {
				CODE_SIGN_STYLE = Automatic;
				CURRENT_PROJECT_VERSION = 1;
				GENERATE_INFOPLIST_FILE = YES;
				MARKETING_VERSION = 1.0;
				PRODUCT_BUNDLE_IDENTIFIER = wyatt.recipeUITests;
				PRODUCT_NAME = "$(TARGET_NAME)";
				SWIFT_EMIT_LOC_STRINGS = NO;
				SWIFT_VERSION = 5.0;
				TARGETED_DEVICE_FAMILY = "1,2";
				TEST_TARGET_NAME = recipe;
			};
			name = Debug;
		};
		F11CDC992CB6D8D6005D7979 /* Release */ = {
			isa = XCBuildConfiguration;
			buildSettings = {
				CODE_SIGN_STYLE = Automatic;
				CURRENT_PROJECT_VERSION = 1;
				GENERATE_INFOPLIST_FILE = YES;
				MARKETING_VERSION = 1.0;
				PRODUCT_BUNDLE_IDENTIFIER = wyatt.recipeUITests;
				PRODUCT_NAME = "$(TARGET_NAME)";
				SWIFT_EMIT_LOC_STRINGS = NO;
				SWIFT_VERSION = 5.0;
				TARGETED_DEVICE_FAMILY = "1,2";
				TEST_TARGET_NAME = recipe;
			};
			name = Release;
		};
/* End XCBuildConfiguration section */

/* Begin XCConfigurationList section */
		F11CDC682CB6D8D4005D7979 /* Build configuration list for PBXProject "recipe" */ = {
			isa = XCConfigurationList;
			buildConfigurations = (
				F11CDC8F2CB6D8D6005D7979 /* Debug */,
				F11CDC902CB6D8D6005D7979 /* Release */,
			);
			defaultConfigurationIsVisible = 0;
			defaultConfigurationName = Release;
		};
		F11CDC912CB6D8D6005D7979 /* Build configuration list for PBXNativeTarget "recipe" */ = {
			isa = XCConfigurationList;
			buildConfigurations = (
				F11CDC922CB6D8D6005D7979 /* Debug */,
				F11CDC932CB6D8D6005D7979 /* Release */,
			);
			defaultConfigurationIsVisible = 0;
			defaultConfigurationName = Release;
		};
		F11CDC942CB6D8D6005D7979 /* Build configuration list for PBXNativeTarget "recipeTests" */ = {
			isa = XCConfigurationList;
			buildConfigurations = (
				F11CDC952CB6D8D6005D7979 /* Debug */,
				F11CDC962CB6D8D6005D7979 /* Release */,
			);
			defaultConfigurationIsVisible = 0;
			defaultConfigurationName = Release;
		};
		F11CDC972CB6D8D6005D7979 /* Build configuration list for PBXNativeTarget "recipeUITests" */ = {
			isa = XCConfigurationList;
			buildConfigurations = (
				F11CDC982CB6D8D6005D7979 /* Debug */,
				F11CDC992CB6D8D6005D7979 /* Release */,
			);
			defaultConfigurationIsVisible = 0;
			defaultConfigurationName = Release;
		};
/* End XCConfigurationList section */

/* Begin XCRemoteSwiftPackageReference section */
		F11CDCB22CB7B5E2005D7979 /* XCRemoteSwiftPackageReference "supabase-swift" */ = {
			isa = XCRemoteSwiftPackageReference;
			repositoryURL = "https://github.com/supabase/supabase-swift";
			requirement = {
				kind = upToNextMajorVersion;
				minimumVersion = 2.5.1;
			};
		};
		F11CDCC02CB7B693005D7979 /* XCRemoteSwiftPackageReference "GoogleSignIn-iOS" */ = {
			isa = XCRemoteSwiftPackageReference;
			repositoryURL = "https://github.com/google/GoogleSignIn-iOS";
			requirement = {
				kind = upToNextMajorVersion;
				minimumVersion = 8.0.0;
			};
		};
/* End XCRemoteSwiftPackageReference section */

/* Begin XCSwiftPackageProductDependency section */
		F11CDCB32CB7B5E2005D7979 /* Auth */ = {
			isa = XCSwiftPackageProductDependency;
			package = F11CDCB22CB7B5E2005D7979 /* XCRemoteSwiftPackageReference "supabase-swift" */;
			productName = Auth;
		};
		F11CDCB52CB7B5E2005D7979 /* Functions */ = {
			isa = XCSwiftPackageProductDependency;
			package = F11CDCB22CB7B5E2005D7979 /* XCRemoteSwiftPackageReference "supabase-swift" */;
			productName = Functions;
		};
		F11CDCB72CB7B5E2005D7979 /* PostgREST */ = {
			isa = XCSwiftPackageProductDependency;
			package = F11CDCB22CB7B5E2005D7979 /* XCRemoteSwiftPackageReference "supabase-swift" */;
			productName = PostgREST;
		};
		F11CDCB92CB7B5E2005D7979 /* Storage */ = {
			isa = XCSwiftPackageProductDependency;
			package = F11CDCB22CB7B5E2005D7979 /* XCRemoteSwiftPackageReference "supabase-swift" */;
			productName = Storage;
		};
		F11CDCBB2CB7B5E2005D7979 /* Supabase */ = {
			isa = XCSwiftPackageProductDependency;
			package = F11CDCB22CB7B5E2005D7979 /* XCRemoteSwiftPackageReference "supabase-swift" */;
			productName = Supabase;
		};
		F11CDCC12CB7B693005D7979 /* GoogleSignIn */ = {
			isa = XCSwiftPackageProductDependency;
			package = F11CDCC02CB7B693005D7979 /* XCRemoteSwiftPackageReference "GoogleSignIn-iOS" */;
			productName = GoogleSignIn;
		};
		F11CDCC32CB7B693005D7979 /* GoogleSignInSwift */ = {
			isa = XCSwiftPackageProductDependency;
			package = F11CDCC02CB7B693005D7979 /* XCRemoteSwiftPackageReference "GoogleSignIn-iOS" */;
			productName = GoogleSignInSwift;
		};
/* End XCSwiftPackageProductDependency section */
	};
	rootObject = F11CDC652CB6D8D4005D7979 /* Project object */;
}
